
Microsoft Visual Studio Solution File, Format Version 12.00
# Visual Studio Version 17
VisualStudioVersion = 17.5.33502.453
MinimumVisualStudioVersion = 10.0.40219.1
Project("{9A19103F-16F7-4668-BE54-9A1E7A4F7556}") = "Abenteuerspiel_Volker", "Abenteuerspiel_Volker.csproj", "{257F0C84-D614-466C-9290-84F8B3589D00}"
EndProject
Global
	GlobalSection(SolutionConfigurationPlatforms) = preSolution
		Debug|Any CPU = Debug|Any CPU
		Release|Any CPU = Release|Any CPU
	EndGlobalSection
	GlobalSection(ProjectConfigurationPlatforms) = postSolution
		{257F0C84-D614-466C-9290-84F8B3589D00}.Debug|Any CPU.ActiveCfg = Debug|Any CPU
		{257F0C84-D614-466C-9290-84F8B3589D00}.Debug|Any CPU.Build.0 = Debug|Any CPU
		{257F0C84-D614-466C-9290-84F8B3589D00}.Release|Any CPU.ActiveCfg = Release|Any CPU
		{257F0C84-D614-466C-9290-84F8B3589D00}.Release|Any CPU.Build.0 = Release|Any CPU
	EndGlobalSection
	GlobalSection(SolutionProperties) = preSolution
		HideSolutionNode = FALSE
	EndGlobalSection
	GlobalSection(ExtensibilityGlobals) = postSolution
		SolutionGuid = {5244EE34-2273-43B4-A7B8-57AAAAD9687A}
	EndGlobalSection
EndGlobal
